
Microsoft Visual Studio Solution File, Format Version 12.00
# Visual Studio 14
VisualStudioVersion = 14.0.25123.0
MinimumVisualStudioVersion = 10.0.40219.1
Project("{8BC9CEB8-8B4A-11D0-8D11-00A0C91BC942}") = "Practice_13_1_3", "Practice_13_1_3\Practice_13_1_3.vcxproj", "{B86149A4-39F7-41A7-BA50-7AD3CE67DFEB}"
EndProject
Global
	GlobalSection(SolutionConfigurationPlatforms) = preSolution
		Debug|x64 = Debug|x64
		Debug|x86 = Debug|x86
		Release|x64 = Release|x64
		Release|x86 = Release|x86
	EndGlobalSection
	GlobalSection(ProjectConfigurationPlatforms) = postSolution
		{B86149A4-39F7-41A7-BA50-7AD3CE67DFEB}.Debug|x64.ActiveCfg = Debug|x64
		{B86149A4-39F7-41A7-BA50-7AD3CE67DFEB}.Debug|x64.Build.0 = Debug|x64
		{B86149A4-39F7-41A7-BA50-7AD3CE67DFEB}.Debug|x86.ActiveCfg = Debug|Win32
		{B86149A4-39F7-41A7-BA50-7AD3CE67DFEB}.Debug|x86.Build.0 = Debug|Win32
		{B86149A4-39F7-41A7-BA50-7AD3CE67DFEB}.Release|x64.ActiveCfg = Release|x64
		{B86149A4-39F7-41A7-BA50-7AD3CE67DFEB}.Release|x64.Build.0 = Release|x64
		{B86149A4-39F7-41A7-BA50-7AD3CE67DFEB}.Release|x86.ActiveCfg = Release|Win32
		{B86149A4-39F7-41A7-BA50-7AD3CE67DFEB}.Release|x86.Build.0 = Release|Win32
	EndGlobalSection
	GlobalSection(SolutionProperties) = preSolution
		HideSolutionNode = FALSE
	EndGlobalSection
EndGlobal
