
Microsoft Visual Studio Solution File, Format Version 12.00
# Visual Studio 2013
VisualStudioVersion = 12.0.21005.1
MinimumVisualStudioVersion = 10.0.40219.1
Project("{8BC9CEB8-8B4A-11D0-8D11-00A0C91BC942}") = "Practice_11_2_2", "Practice_11_2_2\Practice_11_2_2.vcxproj", "{9BFA1019-95AC-47DA-86CD-78721C1C8B08}"
EndProject
Global
	GlobalSection(SolutionConfigurationPlatforms) = preSolution
		Debug|Win32 = Debug|Win32
		Release|Win32 = Release|Win32
	EndGlobalSection
	GlobalSection(ProjectConfigurationPlatforms) = postSolution
		{9BFA1019-95AC-47DA-86CD-78721C1C8B08}.Debug|Win32.ActiveCfg = Debug|Win32
		{9BFA1019-95AC-47DA-86CD-78721C1C8B08}.Debug|Win32.Build.0 = Debug|Win32
		{9BFA1019-95AC-47DA-86CD-78721C1C8B08}.Release|Win32.ActiveCfg = Release|Win32
		{9BFA1019-95AC-47DA-86CD-78721C1C8B08}.Release|Win32.Build.0 = Release|Win32
	EndGlobalSection
	GlobalSection(SolutionProperties) = preSolution
		HideSolutionNode = FALSE
	EndGlobalSection
EndGlobal
