
Microsoft Visual Studio Solution File, Format Version 12.00
# Visual Studio 2013
VisualStudioVersion = 12.0.21005.1
MinimumVisualStudioVersion = 10.0.40219.1
Project("{8BC9CEB8-8B4A-11D0-8D11-00A0C91BC942}") = "Practice001", "Practice001\Practice001.vcxproj", "{BB596E4C-C4A1-438D-832A-E564FA12D078}"
EndProject
Project("{8BC9CEB8-8B4A-11D0-8D11-00A0C91BC942}") = "practice002", "practice002\practice002.vcxproj", "{C7D08CB5-DA9A-4C52-BF89-8275E7B138E7}"
EndProject
Global
	GlobalSection(SolutionConfigurationPlatforms) = preSolution
		Debug|Win32 = Debug|Win32
		Release|Win32 = Release|Win32
	EndGlobalSection
	GlobalSection(ProjectConfigurationPlatforms) = postSolution
		{BB596E4C-C4A1-438D-832A-E564FA12D078}.Debug|Win32.ActiveCfg = Debug|Win32
		{BB596E4C-C4A1-438D-832A-E564FA12D078}.Debug|Win32.Build.0 = Debug|Win32
		{BB596E4C-C4A1-438D-832A-E564FA12D078}.Release|Win32.ActiveCfg = Release|Win32
		{BB596E4C-C4A1-438D-832A-E564FA12D078}.Release|Win32.Build.0 = Release|Win32
		{C7D08CB5-DA9A-4C52-BF89-8275E7B138E7}.Debug|Win32.ActiveCfg = Debug|Win32
		{C7D08CB5-DA9A-4C52-BF89-8275E7B138E7}.Debug|Win32.Build.0 = Debug|Win32
		{C7D08CB5-DA9A-4C52-BF89-8275E7B138E7}.Release|Win32.ActiveCfg = Release|Win32
		{C7D08CB5-DA9A-4C52-BF89-8275E7B138E7}.Release|Win32.Build.0 = Release|Win32
	EndGlobalSection
	GlobalSection(SolutionProperties) = preSolution
		HideSolutionNode = FALSE
	EndGlobalSection
EndGlobal
